<?xml version="1.0" encoding="utf-8"?>
<Project ToolsVersion="4.0" xmlns="http://schemas.microsoft.com/developer/msbuild/2003">
  <ItemGroup>
    <Filter Include="src">
      <UniqueIdentifier>{7f7cce4b-1ea1-45f2-8ee3-ce8ceca1db48}</UniqueIdentifier>
    </Filter>
  </ItemGroup>
  <ItemGroup>
    <ClCompile Include="..\src\main.cpp">
      <Filter>src</Filter>
    </ClCompile>
    <ClCompile Include="..\src\http-server.cpp">
      <Filter>src</Filter>
    </ClCompile>
    <ClCompile Include="..\src\http-request.cpp">
      <Filter>src</Filter>
    </ClCompile>
  </ItemGroup>
  <ItemGroup>
    <ClInclude Include="..\src\http-server.h">
      <Filter>src</Filter>
    </ClInclude>
    <ClInclude Include="..\src\http-request.h">
      <Filter>src</Filter>
    </ClInclude>
    <ClInclude Include="..\src\net-headers.h">
      <Filter>src</Filter>
    </ClInclude>
  </ItemGroup>
</Project>